
Microsoft Visual Studio Solution File, Format Version 12.00
# Visual Studio Version 17
VisualStudioVersion = 17.8.34316.72
MinimumVisualStudioVersion = 10.0.40219.1
Project("{9A19103F-16F7-4668-BE54-9A1E7A4F7556}") = "FirstBlazorApp", "FirstBlazorApp.csproj", "{F23B67BA-63FB-4940-882B-D6BB56DD9AFE}"
EndProject
Global
	GlobalSection(SolutionConfigurationPlatforms) = preSolution
		Debug|Any CPU = Debug|Any CPU
		Release|Any CPU = Release|Any CPU
	EndGlobalSection
	GlobalSection(ProjectConfigurationPlatforms) = postSolution
		{F23B67BA-63FB-4940-882B-D6BB56DD9AFE}.Debug|Any CPU.ActiveCfg = Debug|Any CPU
		{F23B67BA-63FB-4940-882B-D6BB56DD9AFE}.Debug|Any CPU.Build.0 = Debug|Any CPU
		{F23B67BA-63FB-4940-882B-D6BB56DD9AFE}.Release|Any CPU.ActiveCfg = Release|Any CPU
		{F23B67BA-63FB-4940-882B-D6BB56DD9AFE}.Release|Any CPU.Build.0 = Release|Any CPU
	EndGlobalSection
	GlobalSection(SolutionProperties) = preSolution
		HideSolutionNode = FALSE
	EndGlobalSection
	GlobalSection(ExtensibilityGlobals) = postSolution
		SolutionGuid = {76AA337C-B6FD-4B8E-AB4F-F2768B5D3F70}
	EndGlobalSection
EndGlobal
